PATH
  remote: ..
  specs:
    sir_trevor_rails (0.7.0)
      multi_json (~> 1.0)
      ostruct
      rails (>= 5.2, < 8.1)
      redcarpet (>= 2.0.1, < 4)
      twitter-text (>= 2.0.1, < 4)

GEM
  remote: https://rubygems.org/
  specs:
    actioncable (7.2.3.1)
      actionpack (= 7.2.3.1)
      activesupport (= 7.2.3.1)
      nio4r (~> 2.0)
      websocket-driver (>= 0.6.1)
      zeitwerk (~> 2.6)
    actionmailbox (7.2.3.1)
      actionpack (= 7.2.3.1)
      activejob (= 7.2.3.1)
      activerecord (= 7.2.3.1)
      activestorage (= 7.2.3.1)
      activesupport (= 7.2.3.1)
      mail (>= 2.8.0)
    actionmailer (7.2.3.1)
      actionpack (= 7.2.3.1)
      actionview (= 7.2.3.1)
      activejob (= 7.2.3.1)
      activesupport (= 7.2.3.1)
      mail (>= 2.8.0)
      rails-dom-testing (~> 2.2)
    actionpack (7.2.3.1)
      actionview (= 7.2.3.1)
      activesupport (= 7.2.3.1)
      cgi
      nokogiri (>= 1.8.5)
      racc
      rack (>= 2.2.4, < 3.3)
      rack-session (>= 1.0.1)
      rack-test (>= 0.6.3)
      rails-dom-testing (~> 2.2)
      rails-html-sanitizer (~> 1.6)
      useragent (~> 0.16)
    actiontext (7.2.3.1)
      actionpack (= 7.2.3.1)
      activerecord (= 7.2.3.1)
      activestorage (= 7.2.3.1)
      activesupport (= 7.2.3.1)
      globalid (>= 0.6.0)
      nokogiri (>= 1.8.5)
    actionview (7.2.3.1)
      activesupport (= 7.2.3.1)
      builder (~> 3.1)
      cgi
      erubi (~> 1.11)
      rails-dom-testing (~> 2.2)
      rails-html-sanitizer (~> 1.6)
    activejob (7.2.3.1)
      activesupport (= 7.2.3.1)
      globalid (>= 0.3.6)
    activemodel (7.2.3.1)
      activesupport (= 7.2.3.1)
    activerecord (7.2.3.1)
      activemodel (= 7.2.3.1)
      activesupport (= 7.2.3.1)
      timeout (>= 0.4.0)
    activestorage (7.2.3.1)
      actionpack (= 7.2.3.1)
      activejob (= 7.2.3.1)
      activerecord (= 7.2.3.1)
      activesupport (= 7.2.3.1)
      marcel (~> 1.0)
    activesupport (7.2.3.1)
      base64
      benchmark (>= 0.3)
      bigdecimal
      concurrent-ruby (~> 1.0, >= 1.3.1)
      connection_pool (>= 2.2.5)
      drb
      i18n (>= 1.6, < 2)
      logger (>= 1.4.2)
      minitest (>= 5.1, < 6)
      securerandom (>= 0.3)
      tzinfo (~> 2.0, >= 2.0.5)
    addressable (2.9.0)
      public_suffix (>= 2.0.2, < 8.0)
    appraisal (2.5.0)
      bundler
      rake
      thor (>= 0.14.0)
    base64 (0.3.0)
    benchmark (0.5.0)
    bigdecimal (4.1.2)
    builder (3.3.0)
    capybara (3.40.0)
      addressable
      matrix
      mini_mime (>= 0.1.3)
      nokogiri (~> 1.11)
      rack (>= 1.6.0)
      rack-test (>= 0.6.3)
      regexp_parser (>= 1.5, < 3.0)
      xpath (~> 3.2)
    cgi (0.5.1)
    childprocess (5.1.0)
      logger (~> 1.5)
    coderay (1.1.3)
    combustion (1.5.0)
      activesupport (>= 3.0.0)
      railties (>= 3.0.0)
      thor (>= 0.14.6)
    concurrent-ruby (1.3.6)
    connection_pool (3.0.2)
    crass (1.0.6)
    date (3.5.1)
    diff-lcs (1.2.5)
    drb (2.2.3)
    erb (6.0.3)
    erubi (1.13.1)
    globalid (1.3.0)
      activesupport (>= 6.1)
    i18n (1.14.8)
      concurrent-ruby (~> 1.0)
    idn-ruby (0.1.5)
    io-console (0.8.2)
    irb (1.17.0)
      pp (>= 0.6.0)
      prism (>= 1.3.0)
      rdoc (>= 4.0.0)
      reline (>= 0.4.2)
    launchy (3.1.1)
      addressable (~> 2.8)
      childprocess (~> 5.0)
      logger (~> 1.6)
    logger (1.7.0)
    loofah (2.25.1)
      crass (~> 1.0.2)
      nokogiri (>= 1.12.0)
    mail (2.9.0)
      logger
      mini_mime (>= 0.1.1)
      net-imap
      net-pop
      net-smtp
    marcel (1.1.0)
    matrix (0.4.3)
    method_source (1.1.0)
    mini_mime (1.1.5)
    minitest (5.27.0)
    multi_json (1.20.1)
    net-imap (0.6.3)
      date
      net-protocol
    net-pop (0.1.2)
      net-protocol
    net-protocol (0.2.2)
      timeout
    net-smtp (0.5.1)
      net-protocol
    nio4r (2.7.5)
    nokogiri (1.19.2-x86_64-darwin)
      racc (~> 1.4)
    ostruct (0.6.3)
    pp (0.6.3)
      prettyprint
    predicated (0.2.6)
    prettyprint (0.2.0)
    prism (1.9.0)
    pry (0.16.0)
      coderay (~> 1.1)
      method_source (~> 1.0)
      reline (>= 0.6.0)
    pry-rails (0.3.11)
      pry (>= 0.13.0)
    psych (5.3.1)
      date
      stringio
    public_suffix (7.0.5)
    racc (1.8.1)
    rack (3.2.6)
    rack-session (2.1.2)
      base64 (>= 0.1.0)
      rack (>= 3.0.0)
    rack-test (2.2.0)
      rack (>= 1.3)
    rackup (2.3.1)
      rack (>= 3)
    rails (7.2.3.1)
      actioncable (= 7.2.3.1)
      actionmailbox (= 7.2.3.1)
      actionmailer (= 7.2.3.1)
      actionpack (= 7.2.3.1)
      actiontext (= 7.2.3.1)
      actionview (= 7.2.3.1)
      activejob (= 7.2.3.1)
      activemodel (= 7.2.3.1)
      activerecord (= 7.2.3.1)
      activestorage (= 7.2.3.1)
      activesupport (= 7.2.3.1)
      bundler (>= 1.15.0)
      railties (= 7.2.3.1)
    rails-dom-testing (2.3.0)
      activesupport (>= 5.0.0)
      minitest
      nokogiri (>= 1.6)
    rails-html-sanitizer (1.7.0)
      loofah (~> 2.25)
      nokogiri (>= 1.15.7, != 1.16.7, != 1.16.6, != 1.16.5, != 1.16.4, != 1.16.3, != 1.16.2, != 1.16.1, != 1.16.0.rc1, != 1.16.0)
    railties (7.2.3.1)
      actionpack (= 7.2.3.1)
      activesupport (= 7.2.3.1)
      cgi
      irb (~> 1.13)
      rackup (>= 1.0.0)
      rake (>= 12.2)
      thor (~> 1.0, >= 1.2.2)
      tsort (>= 0.2)
      zeitwerk (~> 2.6)
    rake (13.4.2)
    rdoc (7.2.0)
      erb
      psych (>= 4.0.0)
      tsort
    redcarpet (3.6.1)
    regexp_parser (2.12.0)
    reline (0.6.3)
      io-console (~> 0.5)
    ruby2ruby (2.6.1)
      sexp_processor (~> 4.6)
    ruby_parser (3.22.0)
      racc (~> 1.5)
      sexp_processor (~> 4.16)
    securerandom (0.4.1)
    sexp_processor (4.17.5)
    sqlite3 (2.9.3-x86_64-darwin)
    stringio (3.2.0)
    thor (1.5.0)
    timeout (0.6.1)
    tsort (0.2.0)
    twitter-text (3.1.0)
      idn-ruby
      unf (~> 0.1.0)
    tzinfo (2.0.6)
      concurrent-ruby (~> 1.0)
    unf (0.1.4)
      unf_ext
    unf_ext (0.0.9.1)
    useragent (0.16.11)
    websocket-driver (0.8.0)
      base64
      websocket-extensions (>= 0.1.0)
    websocket-extensions (0.1.5)
    wrong (0.7.1)
      diff-lcs (~> 1.2.5)
      predicated (~> 0.2.6)
      ruby2ruby (>= 2.0.1)
      ruby_parser (>= 3.0.1)
      sexp_processor (>= 4.0)
    xpath (3.2.0)
      nokogiri (~> 1.8)
    zeitwerk (2.7.5)

PLATFORMS
  x86_64-darwin

DEPENDENCIES
  appraisal (~> 2.5)
  bundler (>= 1.4)
  capybara
  combustion (~> 1.1)
  launchy
  minitest (~> 5.3)
  pry-rails
  rails (~> 7.2.0)
  rake
  sir_trevor_rails!
  sqlite3 (>= 1.4)
  wrong

CHECKSUMS
  actioncable (7.2.3.1)
  actionmailbox (7.2.3.1)
  actionmailer (7.2.3.1)
  actionpack (7.2.3.1)
  actiontext (7.2.3.1)
  actionview (7.2.3.1)
  activejob (7.2.3.1)
  activemodel (7.2.3.1)
  activerecord (7.2.3.1)
  activestorage (7.2.3.1)
  activesupport (7.2.3.1)
  addressable (2.9.0)
  appraisal (2.5.0)
  base64 (0.3.0)
  benchmark (0.5.0)
  bigdecimal (4.1.2)
  builder (3.3.0)
  capybara (3.40.0)
  cgi (0.5.1)
  childprocess (5.1.0)
  coderay (1.1.3)
  combustion (1.5.0)
  concurrent-ruby (1.3.6)
  connection_pool (3.0.2)
  crass (1.0.6)
  date (3.5.1)
  diff-lcs (1.2.5)
  drb (2.2.3)
  erb (6.0.3)
  erubi (1.13.1)
  globalid (1.3.0)
  i18n (1.14.8)
  idn-ruby (0.1.5)
  io-console (0.8.2)
  irb (1.17.0)
  launchy (3.1.1)
  logger (1.7.0)
  loofah (2.25.1)
  mail (2.9.0)
  marcel (1.1.0)
  matrix (0.4.3)
  method_source (1.1.0)
  mini_mime (1.1.5)
  minitest (5.27.0)
  multi_json (1.20.1)
  net-imap (0.6.3)
  net-pop (0.1.2)
  net-protocol (0.2.2)
  net-smtp (0.5.1)
  nio4r (2.7.5)
  nokogiri (1.19.2-x86_64-darwin)
  ostruct (0.6.3)
  pp (0.6.3)
  predicated (0.2.6)
  prettyprint (0.2.0)
  prism (1.9.0)
  pry (0.16.0)
  pry-rails (0.3.11)
  psych (5.3.1)
  public_suffix (7.0.5)
  racc (1.8.1)
  rack (3.2.6)
  rack-session (2.1.2)
  rack-test (2.2.0)
  rackup (2.3.1)
  rails (7.2.3.1)
  rails-dom-testing (2.3.0)
  rails-html-sanitizer (1.7.0)
  railties (7.2.3.1)
  rake (13.4.2)
  rdoc (7.2.0)
  redcarpet (3.6.1)
  regexp_parser (2.12.0)
  reline (0.6.3)
  ruby2ruby (2.6.1)
  ruby_parser (3.22.0)
  securerandom (0.4.1)
  sexp_processor (4.17.5)
  sir_trevor_rails (0.7.0)
  sqlite3 (2.9.3-x86_64-darwin)
  stringio (3.2.0)
  thor (1.5.0)
  timeout (0.6.1)
  tsort (0.2.0)
  twitter-text (3.1.0)
  tzinfo (2.0.6)
  unf (0.1.4)
  unf_ext (0.0.9.1)
  useragent (0.16.11)
  websocket-driver (0.8.0)
  websocket-extensions (0.1.5)
  wrong (0.7.1)
  xpath (3.2.0)
  zeitwerk (2.7.5)

BUNDLED WITH
  4.0.10
